// !$*UTF8*$!
{
	archiveVersion = 1;
	classes = {
	};
	objectVersion = 50;
	objects = {

/* Begin PBXBuildFile section */
		626019692586BC57007DCD25 /* PlaySoundsViewController.swift in Sources */ = {isa = PBXBuildFile; fileRef = 626019682586BC57007DCD25 /* PlaySoundsViewController.swift */; };
		6260196F2586BD1E007DCD25 /* Constants.swift in Sources */ = {isa = PBXBuildFile; fileRef = 6260196E2586BD1E007DCD25 /* Constants.swift */; };
		6281E08F25874C0700ACB9D4 /* PlaySoundsViewController+Audio.swift in Sources */ = {isa = PBXBuildFile; fileRef = 6281E08E25874C0700ACB9D4 /* PlaySoundsViewController+Audio.swift */; };
		62BCED692580FAEA00BD6577 /* AppDelegate.swift in Sources */ = {isa = PBXBuildFile; fileRef = 62BCED682580FAEA00BD6577 /* AppDelegate.swift */; };
		62BCED6B2580FAEA00BD6577 /* SceneDelegate.swift in Sources */ = {isa = PBXBuildFile; fileRef = 62BCED6A2580FAEA00BD6577 /* SceneDelegate.swift */; };
		62BCED6D2580FAEA00BD6577 /* RecordSoundViewController.swift in Sources */ = {isa = PBXBuildFile; fileRef = 62BCED6C2580FAEA00BD6577 /* RecordSoundViewController.swift */; };
		62BCED702580FAEA00BD6577 /* Main.storyboard in Resources */ = {isa = PBXBuildFile; fileRef = 62BCED6E2580FAEA00BD6577 /* Main.storyboard */; };
		62BCED722580FAF200BD6577 /* Assets.xcassets in Resources */ = {isa = PBXBuildFile; fileRef = 62BCED712580FAF200BD6577 /* Assets.xcassets */; };
		62BCED752580FAF200BD6577 /* LaunchScreen.storyboard in Resources */ = {isa = PBXBuildFile; fileRef = 62BCED732580FAF200BD6577 /* LaunchScreen.storyboard */; };
		62BCED802580FAF400BD6577 /* PitchPerfectTests.swift in Sources */ = {isa = PBXBuildFile; fileRef = 62BCED7F2580FAF400BD6577 /* PitchPerfectTests.swift */; };
		62BCED8B2580FAF400BD6577 /* PitchPerfectUITests.swift in Sources */ = {isa = PBXBuildFile; fileRef = 62BCED8A2580FAF400BD6577 /* PitchPerfectUITests.swift */; };
/* End PBXBuildFile section */

/* Begin PBXContainerItemProxy section */
		62BCED7C2580FAF400BD6577 /* PBXContainerItemProxy */ = {
			isa = PBXContainerItemProxy;
			containerPortal = 62BCED5D2580FAEA00BD6577 /* Project object */;
			proxyType = 1;
			remoteGlobalIDString = 62BCED642580FAEA00BD6577;
			remoteInfo = PitchPerfect;
		};
		62BCED872580FAF400BD6577 /* PBXContainerItemProxy */ = {
			isa = PBXContainerItemProxy;
			containerPortal = 62BCED5D2580FAEA00BD6577 /* Project object */;
			proxyType = 1;
			remoteGlobalIDString = 62BCED642580FAEA00BD6577;
			remoteInfo = PitchPerfect;
		};
/* End PBXContainerItemProxy section */

/* Begin PBXFileReference section */
		626019682586BC57007DCD25 /* PlaySoundsViewController.swift */ = {isa = PBXFileReference; lastKnownFileType = sourcecode.swift; path = PlaySoundsViewController.swift; sourceTree = "<group>"; };
		6260196E2586BD1E007DCD25 /* Constants.swift */ = {isa = PBXFileReference; lastKnownFileType = sourcecode.swift; path = Constants.swift; sourceTree = "<group>"; };
		6281E08E25874C0700ACB9D4 /* PlaySoundsViewController+Audio.swift */ = {isa = PBXFileReference; lastKnownFileType = sourcecode.swift; path = "PlaySoundsViewController+Audio.swift"; sourceTree = "<group>"; };
		62BCED652580FAEA00BD6577 /* PitchPerfect.app */ = {isa = PBXFileReference; explicitFileType = wrapper.application; includeInIndex = 0; path = PitchPerfect.app; sourceTree = BUILT_PRODUCTS_DIR; };
		62BCED682580FAEA00BD6577 /* AppDelegate.swift */ = {isa = PBXFileReference; lastKnownFileType = sourcecode.swift; path = AppDelegate.swift; sourceTree = "<group>"; };
		62BCED6A2580FAEA00BD6577 /* SceneDelegate.swift */ = {isa = PBXFileReference; lastKnownFileType = sourcecode.swift; path = SceneDelegate.swift; sourceTree = "<group>"; };
		62BCED6C2580FAEA00BD6577 /* RecordSoundViewController.swift */ = {isa = PBXFileReference; lastKnownFileType = sourcecode.swift; path = RecordSoundViewController.swift; sourceTree = "<group>"; };
		62BCED6F2580FAEA00BD6577 /* Base */ = {isa = PBXFileReference; lastKnownFileType = file.storyboard; name = Base; path = Base.lproj/Main.storyboard; sourceTree = "<group>"; };
		62BCED712580FAF200BD6577 /* Assets.xcassets */ = {isa = PBXFileReference; lastKnownFileType = folder.assetcatalog; path = Assets.xcassets; sourceTree = "<group>"; };
		62BCED742580FAF200BD6577 /* Base */ = {isa = PBXFileReference; lastKnownFileType = file.storyboard; name = Base; path = Base.lproj/LaunchScreen.storyboard; sourceTree = "<group>"; };
		62BCED762580FAF200BD6577 /* Info.plist */ = {isa = PBXFileReference; lastKnownFileType = text.plist.xml; path = Info.plist; sourceTree = "<group>"; };
		62BCED7B2580FAF400BD6577 /* PitchPerfectTests.xctest */ = {isa = PBXFileReference; explicitFileType = wrapper.cfbundle; includeInIndex = 0; path = PitchPerfectTests.xctest; sourceTree = BUILT_PRODUCTS_DIR; };
		62BCED7F2580FAF400BD6577 /* PitchPerfectTests.swift */ = {isa = PBXFileReference; lastKnownFileType = sourcecode.swift; path = PitchPerfectTests.swift; sourceTree = "<group>"; };
		62BCED812580FAF400BD6577 /* Info.plist */ = {isa = PBXFileReference; lastKnownFileType = text.plist.xml; path = Info.plist; sourceTree = "<group>"; };
		62BCED862580FAF400BD6577 /* PitchPerfectUITests.xctest */ = {isa = PBXFileReference; explicitFileType = wrapper.cfbundle; includeInIndex = 0; path = PitchPerfectUITests.xctest; sourceTree = BUILT_PRODUCTS_DIR; };
		62BCED8A2580FAF400BD6577 /* PitchPerfectUITests.swift */ = {isa = PBXFileReference; lastKnownFileType = sourcecode.swift; path = PitchPerfectUITests.swift; sourceTree = "<group>"; };
		62BCED8C2580FAF400BD6577 /* Info.plist */ = {isa = PBXFileReference; lastKnownFileType = text.plist.xml; path = Info.plist; sourceTree = "<group>"; };
/* End PBXFileReference section */

/* Begin PBXFrameworksBuildPhase section */
		62BCED622580FAEA00BD6577 /* Frameworks */ = {
			isa = PBXFrameworksBuildPhase;
			buildActionMask = 2147483647;
			files = (
			);
			runOnlyForDeploymentPostprocessing = 0;
		};
		62BCED782580FAF400BD6577 /* Frameworks */ = {
			isa = PBXFrameworksBuildPhase;
			buildActionMask = 2147483647;
			files = (
			);
			runOnlyForDeploymentPostprocessing = 0;
		};
		62BCED832580FAF400BD6577 /* Frameworks */ = {
			isa = PBXFrameworksBuildPhase;
			buildActionMask = 2147483647;
			files = (
			);
			runOnlyForDeploymentPostprocessing = 0;
		};
/* End PBXFrameworksBuildPhase section */

/* Begin PBXGroup section */
		626019612586B317007DCD25 /* Controllers */ = {
			isa = PBXGroup;
			children = (
				62BCED6C2580FAEA00BD6577 /* RecordSoundViewController.swift */,
				626019682586BC57007DCD25 /* PlaySoundsViewController.swift */,
			);
			path = Controllers;
			sourceTree = "<group>";
		};
		6260196D2586BD0C007DCD25 /* Constants */ = {
			isa = PBXGroup;
			children = (
				6260196E2586BD1E007DCD25 /* Constants.swift */,
			);
			path = Constants;
			sourceTree = "<group>";
		};
		6281E08D25874BE100ACB9D4 /* Extesions */ = {
			isa = PBXGroup;
			children = (
				6281E08E25874C0700ACB9D4 /* PlaySoundsViewController+Audio.swift */,
			);
			path = Extesions;
			sourceTree = "<group>";
		};
		62BCED5C2580FAEA00BD6577 = {
			isa = PBXGroup;
			children = (
				62BCED672580FAEA00BD6577 /* PitchPerfect */,
				62BCED7E2580FAF400BD6577 /* PitchPerfectTests */,
				62BCED892580FAF400BD6577 /* PitchPerfectUITests */,
				62BCED662580FAEA00BD6577 /* Products */,
			);
			sourceTree = "<group>";
		};
		62BCED662580FAEA00BD6577 /* Products */ = {
			isa = PBXGroup;
			children = (
				62BCED652580FAEA00BD6577 /* PitchPerfect.app */,
				62BCED7B2580FAF400BD6577 /* PitchPerfectTests.xctest */,
				62BCED862580FAF400BD6577 /* PitchPerfectUITests.xctest */,
			);
			name = Products;
			sourceTree = "<group>";
		};
		62BCED672580FAEA00BD6577 /* PitchPerfect */ = {
			isa = PBXGroup;
			children = (
				6281E08D25874BE100ACB9D4 /* Extesions */,
				6260196D2586BD0C007DCD25 /* Constants */,
				626019612586B317007DCD25 /* Controllers */,
				62BCED682580FAEA00BD6577 /* AppDelegate.swift */,
				62BCED6A2580FAEA00BD6577 /* SceneDelegate.swift */,
				62BCED6E2580FAEA00BD6577 /* Main.storyboard */,
				62BCED712580FAF200BD6577 /* Assets.xcassets */,
				62BCED732580FAF200BD6577 /* LaunchScreen.storyboard */,
				62BCED762580FAF200BD6577 /* Info.plist */,
			);
			path = PitchPerfect;
			sourceTree = "<group>";
		};
		62BCED7E2580FAF400BD6577 /* PitchPerfectTests */ = {
			isa = PBXGroup;
			children = (
				62BCED7F2580FAF400BD6577 /* PitchPerfectTests.swift */,
				62BCED812580FAF400BD6577 /* Info.plist */,
			);
			path = PitchPerfectTests;
			sourceTree = "<group>";
		};
		62BCED892580FAF400BD6577 /* PitchPerfectUITests */ = {
			isa = PBXGroup;
			children = (
				62BCED8A2580FAF400BD6577 /* PitchPerfectUITests.swift */,
				62BCED8C2580FAF400BD6577 /* Info.plist */,
			);
			path = PitchPerfectUITests;
			sourceTree = "<group>";
		};
/* End PBXGroup section */

/* Begin PBXNativeTarget section */
		62BCED642580FAEA00BD6577 /* PitchPerfect */ = {
			isa = PBXNativeTarget;
			buildConfigurationList = 62BCED8F2580FAF400BD6577 /* Build configuration list for PBXNativeTarget "PitchPerfect" */;
			buildPhases = (
				62BCED612580FAEA00BD6577 /* Sources */,
				62BCED622580FAEA00BD6577 /* Frameworks */,
				62BCED632580FAEA00BD6577 /* Resources */,
			);
			buildRules = (
			);
			dependencies = (
			);
			name = PitchPerfect;
			productName = PitchPerfect;
			productReference = 62BCED652580FAEA00BD6577 /* PitchPerfect.app */;
			productType = "com.apple.product-type.application";
		};
		62BCED7A2580FAF400BD6577 /* PitchPerfectTests */ = {
			isa = PBXNativeTarget;
			buildConfigurationList = 62BCED922580FAF400BD6577 /* Build configuration list for PBXNativeTarget "PitchPerfectTests" */;
			buildPhases = (
				62BCED772580FAF400BD6577 /* Sources */,
				62BCED782580FAF400BD6577 /* Frameworks */,
				62BCED792580FAF400BD6577 /* Resources */,
			);
			buildRules = (
			);
			dependencies = (
				62BCED7D2580FAF400BD6577 /* PBXTargetDependency */,
			);
			name = PitchPerfectTests;
			productName = PitchPerfectTests;
			productReference = 62BCED7B2580FAF400BD6577 /* PitchPerfectTests.xctest */;
			productType = "com.apple.product-type.bundle.unit-test";
		};
		62BCED852580FAF400BD6577 /* PitchPerfectUITests */ = {
			isa = PBXNativeTarget;
			buildConfigurationList = 62BCED952580FAF400BD6577 /* Build configuration list for PBXNativeTarget "PitchPerfectUITests" */;
			buildPhases = (
				62BCED822580FAF400BD6577 /* Sources */,
				62BCED832580FAF400BD6577 /* Frameworks */,
				62BCED842580FAF400BD6577 /* Resources */,
			);
			buildRules = (
			);
			dependencies = (
				62BCED882580FAF400BD6577 /* PBXTargetDependency */,
			);
			name = PitchPerfectUITests;
			productName = PitchPerfectUITests;
			productReference = 62BCED862580FAF400BD6577 /* PitchPerfectUITests.xctest */;
			productType = "com.apple.product-type.bundle.ui-testing";
		};
/* End PBXNativeTarget section */

/* Begin PBXProject section */
		62BCED5D2580FAEA00BD6577 /* Project object */ = {
			isa = PBXProject;
			attributes = {
				LastSwiftUpdateCheck = 1220;
				LastUpgradeCheck = 1220;
				TargetAttributes = {
					62BCED642580FAEA00BD6577 = {
						CreatedOnToolsVersion = 12.2;
					};
					62BCED7A2580FAF400BD6577 = {
						CreatedOnToolsVersion = 12.2;
						TestTargetID = 62BCED642580FAEA00BD6577;
					};
					62BCED852580FAF400BD6577 = {
						CreatedOnToolsVersion = 12.2;
						TestTargetID = 62BCED642580FAEA00BD6577;
					};
				};
			};
			buildConfigurationList = 62BCED602580FAEA00BD6577 /* Build configuration list for PBXProject "PitchPerfect" */;
			compatibilityVersion = "Xcode 9.3";
			developmentRegion = en;
			hasScannedForEncodings = 0;
			knownRegions = (
				en,
				Base,
			);
			mainGroup = 62BCED5C2580FAEA00BD6577;
			productRefGroup = 62BCED662580FAEA00BD6577 /* Products */;
			projectDirPath = "";
			projectRoot = "";
			targets = (
				62BCED642580FAEA00BD6577 /* PitchPerfect */,
				62BCED7A2580FAF400BD6577 /* PitchPerfectTests */,
				62BCED852580FAF400BD6577 /* PitchPerfectUITests */,
			);
		};
/* End PBXProject section */

/* Begin PBXResourcesBuildPhase section */
		62BCED632580FAEA00BD6577 /* Resources */ = {
			isa = PBXResourcesBuildPhase;
			buildActionMask = 2147483647;
			files = (
				62BCED752580FAF200BD6577 /* LaunchScreen.storyboard in Resources */,
				62BCED722580FAF200BD6577 /* Assets.xcassets in Resources */,
				62BCED702580FAEA00BD6577 /* Main.storyboard in Resources */,
			);
			runOnlyForDeploymentPostprocessing = 0;
		};
		62BCED792580FAF400BD6577 /* Resources */ = {
			isa = PBXResourcesBuildPhase;
			buildActionMask = 2147483647;
			files = (
			);
			runOnlyForDeploymentPostprocessing = 0;
		};
		62BCED842580FAF400BD6577 /* Resources */ = {
			isa = PBXResourcesBuildPhase;
			buildActionMask = 2147483647;
			files = (
			);
			runOnlyForDeploymentPostprocessing = 0;
		};
/* End PBXResourcesBuildPhase section */

/* Begin PBXSourcesBuildPhase section */
		62BCED612580FAEA00BD6577 /* Sources */ = {
			isa = PBXSourcesBuildPhase;
			buildActionMask = 2147483647;
			files = (
				6260196F2586BD1E007DCD25 /* Constants.swift in Sources */,
				6281E08F25874C0700ACB9D4 /* PlaySoundsViewController+Audio.swift in Sources */,
				62BCED6D2580FAEA00BD6577 /* RecordSoundViewController.swift in Sources */,
				62BCED692580FAEA00BD6577 /* AppDelegate.swift in Sources */,
				626019692586BC57007DCD25 /* PlaySoundsViewController.swift in Sources */,
				62BCED6B2580FAEA00BD6577 /* SceneDelegate.swift in Sources */,
			);
			runOnlyForDeploymentPostprocessing = 0;
		};
		62BCED772580FAF400BD6577 /* Sources */ = {
			isa = PBXSourcesBuildPhase;
			buildActionMask = 2147483647;
			files = (
				62BCED802580FAF400BD6577 /* PitchPerfectTests.swift in Sources */,
			);
			runOnlyForDeploymentPostprocessing = 0;
		};
		62BCED822580FAF400BD6577 /* Sources */ = {
			isa = PBXSourcesBuildPhase;
			buildActionMask = 2147483647;
			files = (
				62BCED8B2580FAF400BD6577 /* PitchPerfectUITests.swift in Sources */,
			);
			runOnlyForDeploymentPostprocessing = 0;
		};
/* End PBXSourcesBuildPhase section */

/* Begin PBXTargetDependency section */
		62BCED7D2580FAF400BD6577 /* PBXTargetDependency */ = {
			isa = PBXTargetDependency;
			target = 62BCED642580FAEA00BD6577 /* PitchPerfect */;
			targetProxy = 62BCED7C2580FAF400BD6577 /* PBXContainerItemProxy */;
		};
		62BCED882580FAF400BD6577 /* PBXTargetDependency */ = {
			isa = PBXTargetDependency;
			target = 62BCED642580FAEA00BD6577 /* PitchPerfect */;
			targetProxy = 62BCED872580FAF400BD6577 /* PBXContainerItemProxy */;
		};
/* End PBXTargetDependency section */

/* Begin PBXVariantGroup section */
		62BCED6E2580FAEA00BD6577 /* Main.storyboard */ = {
			isa = PBXVariantGroup;
			children = (
				62BCED6F2580FAEA00BD6577 /* Base */,
			);
			name = Main.storyboard;
			sourceTree = "<group>";
		};
		62BCED732580FAF200BD6577 /* LaunchScreen.storyboard */ = {
			isa = PBXVariantGroup;
			children = (
				62BCED742580FAF200BD6577 /* Base */,
			);
			name = LaunchScreen.storyboard;
			sourceTree = "<group>";
		};
/* End PBXVariantGroup section */

/* Begin XCBuildConfiguration section */
		62BCED8D2580FAF400BD6577 /* Debug */ = {
			isa = XCBuildConfiguration;
			buildSettings = {
				ALWAYS_SEARCH_USER_PATHS = NO;
				CLANG_ANALYZER_NONNULL = YES;
				CLANG_ANALYZER_NUMBER_OBJECT_CONVERSION = YES_AGGRESSIVE;
				CLANG_CXX_LANGUAGE_STANDARD = "gnu++14";
				CLANG_CXX_LIBRARY = "libc++";
				CLANG_ENABLE_MODULES = YES;
				CLANG_ENABLE_OBJC_ARC = YES;
				CLANG_ENABLE_OBJC_WEAK = YES;
				CLANG_WARN_BLOCK_CAPTURE_AUTORELEASING = YES;
				CLANG_WARN_BOOL_CONVERSION = YES;
				CLANG_WARN_COMMA = YES;
				CLANG_WARN_CONSTANT_CONVERSION = YES;
				CLANG_WARN_DEPRECATED_OBJC_IMPLEMENTATIONS = YES;
				CLANG_WARN_DIRECT_OBJC_ISA_USAGE = YES_ERROR;
				CLANG_WARN_DOCUMENTATION_COMMENTS = YES;
				CLANG_WARN_EMPTY_BODY = YES;
				CLANG_WARN_ENUM_CONVERSION = YES;
				CLANG_WARN_INFINITE_RECURSION = YES;
				CLANG_WARN_INT_CONVERSION = YES;
				CLANG_WARN_NON_LITERAL_NULL_CONVERSION = YES;
				CLANG_WARN_OBJC_IMPLICIT_RETAIN_SELF = YES;
				CLANG_WARN_OBJC_LITERAL_CONVERSION = YES;
				CLANG_WARN_OBJC_ROOT_CLASS = YES_ERROR;
				CLANG_WARN_QUOTED_INCLUDE_IN_FRAMEWORK_HEADER = YES;
				CLANG_WARN_RANGE_LOOP_ANALYSIS = YES;
				CLANG_WARN_STRICT_PROTOTYPES = YES;
				CLANG_WARN_SUSPICIOUS_MOVE = YES;
				CLANG_WARN_UNGUARDED_AVAILABILITY = YES_AGGRESSIVE;
				CLANG_WARN_UNREACHABLE_CODE = YES;
				CLANG_WARN__DUPLICATE_METHOD_MATCH = YES;
				COPY_PHASE_STRIP = NO;
				DEBUG_INFORMATION_FORMAT = dwarf;
				ENABLE_STRICT_OBJC_MSGSEND = YES;
				ENABLE_TESTABILITY = YES;
				GCC_C_LANGUAGE_STANDARD = gnu11;
				GCC_DYNAMIC_NO_PIC = NO;
				GCC_NO_COMMON_BLOCKS = YES;
				GCC_OPTIMIZATION_LEVEL = 0;
				GCC_PREPROCESSOR_DEFINITIONS = (
					"DEBUG=1",
					"$(inherited)",
				);
				GCC_WARN_64_TO_32_BIT_CONVERSION = YES;
				GCC_WARN_ABOUT_RETURN_TYPE = YES_ERROR;
				GCC_WARN_UNDECLARED_SELECTOR = YES;
				GCC_WARN_UNINITIALIZED_AUTOS = YES_AGGRESSIVE;
				GCC_WARN_UNUSED_FUNCTION = YES;
				GCC_WARN_UNUSED_VARIABLE = YES;
				IPHONEOS_DEPLOYMENT_TARGET = 14.2;
				MTL_ENABLE_DEBUG_INFO = INCLUDE_SOURCE;
				MTL_FAST_MATH = YES;
				ONLY_ACTIVE_ARCH = YES;
				SDKROOT = iphoneos;
				SWIFT_ACTIVE_COMPILATION_CONDITIONS = DEBUG;
				SWIFT_OPTIMIZATION_LEVEL = "-Onone";
			};
			name = Debug;
		};
		62BCED8E2580FAF400BD6577 /* Release */ = {
			isa = XCBuildConfiguration;
			buildSettings = {
				ALWAYS_SEARCH_USER_PATHS = NO;
				CLANG_ANALYZER_NONNULL = YES;
				CLANG_ANALYZER_NUMBER_OBJECT_CONVERSION = YES_AGGRESSIVE;
				CLANG_CXX_LANGUAGE_STANDARD = "gnu++14";
				CLANG_CXX_LIBRARY = "libc++";
				CLANG_ENABLE_MODULES = YES;
				CLANG_ENABLE_OBJC_ARC = YES;
				CLANG_ENABLE_OBJC_WEAK = YES;
				CLANG_WARN_BLOCK_CAPTURE_AUTORELEASING = YES;
				CLANG_WARN_BOOL_CONVERSION = YES;
				CLANG_WARN_COMMA = YES;
				CLANG_WARN_CONSTANT_CONVERSION = YES;
				CLANG_WARN_DEPRECATED_OBJC_IMPLEMENTATIONS = YES;
				CLANG_WARN_DIRECT_OBJC_ISA_USAGE = YES_ERROR;
				CLANG_WARN_DOCUMENTATION_COMMENTS = YES;
				CLANG_WARN_EMPTY_BODY = YES;
				CLANG_WARN_ENUM_CONVERSION = YES;
				CLANG_WARN_INFINITE_RECURSION = YES;
				CLANG_WARN_INT_CONVERSION = YES;
				CLANG_WARN_NON_LITERAL_NULL_CONVERSION = YES;
				CLANG_WARN_OBJC_IMPLICIT_RETAIN_SELF = YES;
				CLANG_WARN_OBJC_LITERAL_CONVERSION = YES;
				CLANG_WARN_OBJC_ROOT_CLASS = YES_ERROR;
				CLANG_WARN_QUOTED_INCLUDE_IN_FRAMEWORK_HEADER = YES;
				CLANG_WARN_RANGE_LOOP_ANALYSIS = YES;
				CLANG_WARN_STRICT_PROTOTYPES = YES;
				CLANG_WARN_SUSPICIOUS_MOVE = YES;
				CLANG_WARN_UNGUARDED_AVAILABILITY = YES_AGGRESSIVE;
				CLANG_WARN_UNREACHABLE_CODE = YES;
				CLANG_WARN__DUPLICATE_METHOD_MATCH = YES;
				COPY_PHASE_STRIP = NO;
				DEBUG_INFORMATION_FORMAT = "dwarf-with-dsym";
				ENABLE_NS_ASSERTIONS = NO;
				ENABLE_STRICT_OBJC_MSGSEND = YES;
				GCC_C_LANGUAGE_STANDARD = gnu11;
				GCC_NO_COMMON_BLOCKS = YES;
				GCC_WARN_64_TO_32_BIT_CONVERSION = YES;
				GCC_WARN_ABOUT_RETURN_TYPE = YES_ERROR;
				GCC_WARN_UNDECLARED_SELECTOR = YES;
				GCC_WARN_UNINITIALIZED_AUTOS = YES_AGGRESSIVE;
				GCC_WARN_UNUSED_FUNCTION = YES;
				GCC_WARN_UNUSED_VARIABLE = YES;
				IPHONEOS_DEPLOYMENT_TARGET = 14.2;
				MTL_ENABLE_DEBUG_INFO = NO;
				MTL_FAST_MATH = YES;
				SDKROOT = iphoneos;
				SWIFT_COMPILATION_MODE = wholemodule;
				SWIFT_OPTIMIZATION_LEVEL = "-O";
				VALIDATE_PRODUCT = YES;
			};
			name = Release;
		};
		62BCED902580FAF400BD6577 /* Debug */ = {
			isa = XCBuildConfiguration;
			buildSettings = {
				ASSETCATALOG_COMPILER_APPICON_NAME = AppIcon;
				ASSETCATALOG_COMPILER_GLOBAL_ACCENT_COLOR_NAME = AccentColor;
				CODE_SIGN_STYLE = Automatic;
				DEVELOPMENT_TEAM = 268UXG9286;
				INFOPLIST_FILE = PitchPerfect/Info.plist;
				LD_RUNPATH_SEARCH_PATHS = (
					"$(inherited)",
					"@executable_path/Frameworks",
				);
				PRODUCT_BUNDLE_IDENTIFIER = io.pierrewhy.PitchPerfect;
				PRODUCT_NAME = "$(TARGET_NAME)";
				SWIFT_VERSION = 5.0;
				TARGETED_DEVICE_FAMILY = "1,2";
			};
			name = Debug;
		};
		62BCED912580FAF400BD6577 /* Release */ = {
			isa = XCBuildConfiguration;
			buildSettings = {
				ASSETCATALOG_COMPILER_APPICON_NAME = AppIcon;
				ASSETCATALOG_COMPILER_GLOBAL_ACCENT_COLOR_NAME = AccentColor;
				CODE_SIGN_STYLE = Automatic;
				DEVELOPMENT_TEAM = 268UXG9286;
				INFOPLIST_FILE = PitchPerfect/Info.plist;
				LD_RUNPATH_SEARCH_PATHS = (
					"$(inherited)",
					"@executable_path/Frameworks",
				);
				PRODUCT_BUNDLE_IDENTIFIER = io.pierrewhy.PitchPerfect;
				PRODUCT_NAME = "$(TARGET_NAME)";
				SWIFT_VERSION = 5.0;
				TARGETED_DEVICE_FAMILY = "1,2";
			};
			name = Release;
		};
		62BCED932580FAF400BD6577 /* Debug */ = {
			isa = XCBuildConfiguration;
			buildSettings = {
				ALWAYS_EMBED_SWIFT_STANDARD_LIBRARIES = YES;
				BUNDLE_LOADER = "$(TEST_HOST)";
				CODE_SIGN_STYLE = Automatic;
				DEVELOPMENT_TEAM = 268UXG9286;
				INFOPLIST_FILE = PitchPerfectTests/Info.plist;
				IPHONEOS_DEPLOYMENT_TARGET = 14.2;
				LD_RUNPATH_SEARCH_PATHS = (
					"$(inherited)",
					"@executable_path/Frameworks",
					"@loader_path/Frameworks",
				);
				PRODUCT_BUNDLE_IDENTIFIER = io.pierrewhy.PitchPerfectTests;
				PRODUCT_NAME = "$(TARGET_NAME)";
				SWIFT_VERSION = 5.0;
				TARGETED_DEVICE_FAMILY = "1,2";
				TEST_HOST = "$(BUILT_PRODUCTS_DIR)/PitchPerfect.app/PitchPerfect";
			};
			name = Debug;
		};
		62BCED942580FAF400BD6577 /* Release */ = {
			isa = XCBuildConfiguration;
			buildSettings = {
				ALWAYS_EMBED_SWIFT_STANDARD_LIBRARIES = YES;
				BUNDLE_LOADER = "$(TEST_HOST)";
				CODE_SIGN_STYLE = Automatic;
				DEVELOPMENT_TEAM = 268UXG9286;
				INFOPLIST_FILE = PitchPerfectTests/Info.plist;
				IPHONEOS_DEPLOYMENT_TARGET = 14.2;
				LD_RUNPATH_SEARCH_PATHS = (
					"$(inherited)",
					"@executable_path/Frameworks",
					"@loader_path/Frameworks",
				);
				PRODUCT_BUNDLE_IDENTIFIER = io.pierrewhy.PitchPerfectTests;
				PRODUCT_NAME = "$(TARGET_NAME)";
				SWIFT_VERSION = 5.0;
				TARGETED_DEVICE_FAMILY = "1,2";
				TEST_HOST = "$(BUILT_PRODUCTS_DIR)/PitchPerfect.app/PitchPerfect";
			};
			name = Release;
		};
		62BCED962580FAF400BD6577 /* Debug */ = {
			isa = XCBuildConfiguration;
			buildSettings = {
				ALWAYS_EMBED_SWIFT_STANDARD_LIBRARIES = YES;
				CODE_SIGN_STYLE = Automatic;
				DEVELOPMENT_TEAM = 268UXG9286;
				INFOPLIST_FILE = PitchPerfectUITests/Info.plist;
				LD_RUNPATH_SEARCH_PATHS = (
					"$(inherited)",
					"@executable_path/Frameworks",
					"@loader_path/Frameworks",
				);
				PRODUCT_BUNDLE_IDENTIFIER = io.pierrewhy.PitchPerfectUITests;
				PRODUCT_NAME = "$(TARGET_NAME)";
				SWIFT_VERSION = 5.0;
				TARGETED_DEVICE_FAMILY = "1,2";
				TEST_TARGET_NAME = PitchPerfect;
			};
			name = Debug;
		};
		62BCED972580FAF400BD6577 /* Release */ = {
			isa = XCBuildConfiguration;
			buildSettings = {
				ALWAYS_EMBED_SWIFT_STANDARD_LIBRARIES = YES;
				CODE_SIGN_STYLE = Automatic;
				DEVELOPMENT_TEAM = 268UXG9286;
				INFOPLIST_FILE = PitchPerfectUITests/Info.plist;
				LD_RUNPATH_SEARCH_PATHS = (
					"$(inherited)",
					"@executable_path/Frameworks",
					"@loader_path/Frameworks",
				);
				PRODUCT_BUNDLE_IDENTIFIER = io.pierrewhy.PitchPerfectUITests;
				PRODUCT_NAME = "$(TARGET_NAME)";
				SWIFT_VERSION = 5.0;
				TARGETED_DEVICE_FAMILY = "1,2";
				TEST_TARGET_NAME = PitchPerfect;
			};
			name = Release;
		};
/* End XCBuildConfiguration section */

/* Begin XCConfigurationList section */
		62BCED602580FAEA00BD6577 /* Build configuration list for PBXProject "PitchPerfect" */ = {
			isa = XCConfigurationList;
			buildConfigurations = (
				62BCED8D2580FAF400BD6577 /* Debug */,
				62BCED8E2580FAF400BD6577 /* Release */,
			);
			defaultConfigurationIsVisible = 0;
			defaultConfigurationName = Release;
		};
		62BCED8F2580FAF400BD6577 /* Build configuration list for PBXNativeTarget "PitchPerfect" */ = {
			isa = XCConfigurationList;
			buildConfigurations = (
				62BCED902580FAF400BD6577 /* Debug */,
				62BCED912580FAF400BD6577 /* Release */,
			);
			defaultConfigurationIsVisible = 0;
			defaultConfigurationName = Release;
		};
		62BCED922580FAF400BD6577 /* Build configuration list for PBXNativeTarget "PitchPerfectTests" */ = {
			isa = XCConfigurationList;
			buildConfigurations = (
				62BCED932580FAF400BD6577 /* Debug */,
				62BCED942580FAF400BD6577 /* Release */,
			);
			defaultConfigurationIsVisible = 0;
			defaultConfigurationName = Release;
		};
		62BCED952580FAF400BD6577 /* Build configuration list for PBXNativeTarget "PitchPerfectUITests" */ = {
			isa = XCConfigurationList;
			buildConfigurations = (
				62BCED962580FAF400BD6577 /* Debug */,
				62BCED972580FAF400BD6577 /* Release */,
			);
			defaultConfigurationIsVisible = 0;
			defaultConfigurationName = Release;
		};
/* End XCConfigurationList section */
	};
	rootObject = 62BCED5D2580FAEA00BD6577 /* Project object */;
}
